
Microsoft Visual Studio Solution File, Format Version 12.00
# Visual Studio Version 16
VisualStudioVersion = 16.0.30523.141
MinimumVisualStudioVersion = 10.0.40219.1
Project("{8BC9CEB8-8B4A-11D0-8D11-00A0C91BC942}") = "Project", "Project\Project.vcxproj", "{120533F6-D6B1-4077-AE49-9EBF482FDC97}"
EndProject
Global
	GlobalSection(SolutionConfigurationPlatforms) = preSolution
		Debug|x64 = Debug|x64
		Debug|x86 = Debug|x86
		Release|x64 = Release|x64
		Release|x86 = Release|x86
	EndGlobalSection
	GlobalSection(ProjectConfigurationPlatforms) = postSolution
		{120533F6-D6B1-4077-AE49-9EBF482FDC97}.Debug|x64.ActiveCfg = Debug|x64
		{120533F6-D6B1-4077-AE49-9EBF482FDC97}.Debug|x64.Build.0 = Debug|x64
		{120533F6-D6B1-4077-AE49-9EBF482FDC97}.Debug|x86.ActiveCfg = Debug|Win32
		{120533F6-D6B1-4077-AE49-9EBF482FDC97}.Debug|x86.Build.0 = Debug|Win32
		{120533F6-D6B1-4077-AE49-9EBF482FDC97}.Release|x64.ActiveCfg = Release|x64
		{120533F6-D6B1-4077-AE49-9EBF482FDC97}.Release|x64.Build.0 = Release|x64
		{120533F6-D6B1-4077-AE49-9EBF482FDC97}.Release|x86.ActiveCfg = Release|Win32
		{120533F6-D6B1-4077-AE49-9EBF482FDC97}.Release|x86.Build.0 = Release|Win32
	EndGlobalSection
	GlobalSection(SolutionProperties) = preSolution
		HideSolutionNode = FALSE
	EndGlobalSection
	GlobalSection(ExtensibilityGlobals) = postSolution
		SolutionGuid = {7E833984-F261-4572-8833-7FC644C1C502}
	EndGlobalSection
EndGlobal
